
Microsoft Visual Studio Solution File, Format Version 11.00
# Visual Studio 2010
Project("{8BC9CEB8-8B4A-11D0-8D11-00A0C91BC942}") = "Extension_Dll_Study", "Extension_Dll_Study\Extension_Dll_Study.vcxproj", "{42E93E16-754D-4246-829C-FF672CE5BB69}"
EndProject
Project("{8BC9CEB8-8B4A-11D0-8D11-00A0C91BC942}") = "App_Extension_Dll", "App_Extension_Dll\App_Extension_Dll.vcxproj", "{5B6FD73D-B8ED-44EF-9E97-D68AAA1A425E}"
EndProject
Global
	GlobalSection(SolutionConfigurationPlatforms) = preSolution
		Debug|Win32 = Debug|Win32
		Release|Win32 = Release|Win32
	EndGlobalSection
	GlobalSection(ProjectConfigurationPlatforms) = postSolution
		{42E93E16-754D-4246-829C-FF672CE5BB69}.Debug|Win32.ActiveCfg = Debug|Win32
		{42E93E16-754D-4246-829C-FF672CE5BB69}.Debug|Win32.Build.0 = Debug|Win32
		{42E93E16-754D-4246-829C-FF672CE5BB69}.Release|Win32.ActiveCfg = Release|Win32
		{42E93E16-754D-4246-829C-FF672CE5BB69}.Release|Win32.Build.0 = Release|Win32
		{5B6FD73D-B8ED-44EF-9E97-D68AAA1A425E}.Debug|Win32.ActiveCfg = Debug|Win32
		{5B6FD73D-B8ED-44EF-9E97-D68AAA1A425E}.Debug|Win32.Build.0 = Debug|Win32
		{5B6FD73D-B8ED-44EF-9E97-D68AAA1A425E}.Release|Win32.ActiveCfg = Release|Win32
		{5B6FD73D-B8ED-44EF-9E97-D68AAA1A425E}.Release|Win32.Build.0 = Release|Win32
	EndGlobalSection
	GlobalSection(SolutionProperties) = preSolution
		HideSolutionNode = FALSE
	EndGlobalSection
EndGlobal
