
Microsoft Visual Studio Solution File, Format Version 10.00
# Visual Studio 2008
Project("{8BC9CEB8-8B4A-11D0-8D11-00A0C91BC942}") = "Dll_Demo_MFC", "Dll_Demo_MFC\Dll_Demo_MFC.vcproj", "{0CB19863-A12D-4E3E-8CA8-4635CEA65A55}"
EndProject
Project("{8BC9CEB8-8B4A-11D0-8D11-00A0C91BC942}") = "Tet_Dll", "Tet_Dll\Tet_Dll.vcproj", "{03B0832A-1B6B-4048-9125-3F8387D2CBD5}"
EndProject
Global
	GlobalSection(SolutionConfigurationPlatforms) = preSolution
		Debug|Win32 = Debug|Win32
		Release|Win32 = Release|Win32
	EndGlobalSection
	GlobalSection(ProjectConfigurationPlatforms) = postSolution
		{0CB19863-A12D-4E3E-8CA8-4635CEA65A55}.Debug|Win32.ActiveCfg = Debug|Win32
		{0CB19863-A12D-4E3E-8CA8-4635CEA65A55}.Debug|Win32.Build.0 = Debug|Win32
		{0CB19863-A12D-4E3E-8CA8-4635CEA65A55}.Release|Win32.ActiveCfg = Release|Win32
		{0CB19863-A12D-4E3E-8CA8-4635CEA65A55}.Release|Win32.Build.0 = Release|Win32
		{03B0832A-1B6B-4048-9125-3F8387D2CBD5}.Debug|Win32.ActiveCfg = Debug|Win32
		{03B0832A-1B6B-4048-9125-3F8387D2CBD5}.Debug|Win32.Build.0 = Debug|Win32
		{03B0832A-1B6B-4048-9125-3F8387D2CBD5}.Release|Win32.ActiveCfg = Release|Win32
		{03B0832A-1B6B-4048-9125-3F8387D2CBD5}.Release|Win32.Build.0 = Release|Win32
	EndGlobalSection
	GlobalSection(SolutionProperties) = preSolution
		HideSolutionNode = FALSE
	EndGlobalSection
EndGlobal
