
Microsoft Visual Studio Solution File, Format Version 10.00
# Visual Studio 2008
Project("{8BC9CEB8-8B4A-11D0-8D11-00A0C91BC942}") = "Delete file", "Delete file\Delete file.vcproj", "{A7AAE32C-8A8B-4722-AB6E-390DA4B57A79}"
EndProject
Global
	GlobalSection(SolutionConfigurationPlatforms) = preSolution
		Debug|Win32 = Debug|Win32
		Release|Win32 = Release|Win32
	EndGlobalSection
	GlobalSection(ProjectConfigurationPlatforms) = postSolution
		{A7AAE32C-8A8B-4722-AB6E-390DA4B57A79}.Debug|Win32.ActiveCfg = Debug|Win32
		{A7AAE32C-8A8B-4722-AB6E-390DA4B57A79}.Debug|Win32.Build.0 = Debug|Win32
		{A7AAE32C-8A8B-4722-AB6E-390DA4B57A79}.Release|Win32.ActiveCfg = Release|Win32
		{A7AAE32C-8A8B-4722-AB6E-390DA4B57A79}.Release|Win32.Build.0 = Release|Win32
	EndGlobalSection
	GlobalSection(SolutionProperties) = preSolution
		HideSolutionNode = FALSE
	EndGlobalSection
EndGlobal
